
Microsoft Visual Studio Solution File, Format Version 12.00
# Visual Studio Version 17
VisualStudioVersion = 17.4.33205.214
MinimumVisualStudioVersion = 10.0.40219.1
Project("{9A19103F-16F7-4668-BE54-9A1E7A4F7556}") = "Lab1", "Algorithms-DataStructures\Lab1.csproj", "{52402F40-07D2-4E87-A2F0-EE79E7C2DD50}"
EndProject
Project("{FAE04EC0-301F-11D3-BF4B-00C04F79EFBC}") = "Lab2", "Lab2\Lab2.csproj", "{4F4622C0-9528-4B12-B7B5-338CD96876D2}"
EndProject
Global
	GlobalSection(SolutionConfigurationPlatforms) = preSolution
		Debug|Any CPU = Debug|Any CPU
		Release|Any CPU = Release|Any CPU
	EndGlobalSection
	GlobalSection(ProjectConfigurationPlatforms) = postSolution
		{52402F40-07D2-4E87-A2F0-EE79E7C2DD50}.Debug|Any CPU.ActiveCfg = Debug|Any CPU
		{52402F40-07D2-4E87-A2F0-EE79E7C2DD50}.Debug|Any CPU.Build.0 = Debug|Any CPU
		{52402F40-07D2-4E87-A2F0-EE79E7C2DD50}.Release|Any CPU.ActiveCfg = Release|Any CPU
		{52402F40-07D2-4E87-A2F0-EE79E7C2DD50}.Release|Any CPU.Build.0 = Release|Any CPU
		{4F4622C0-9528-4B12-B7B5-338CD96876D2}.Debug|Any CPU.ActiveCfg = Debug|Any CPU
		{4F4622C0-9528-4B12-B7B5-338CD96876D2}.Debug|Any CPU.Build.0 = Debug|Any CPU
		{4F4622C0-9528-4B12-B7B5-338CD96876D2}.Release|Any CPU.ActiveCfg = Release|Any CPU
		{4F4622C0-9528-4B12-B7B5-338CD96876D2}.Release|Any CPU.Build.0 = Release|Any CPU
	EndGlobalSection
	GlobalSection(SolutionProperties) = preSolution
		HideSolutionNode = FALSE
	EndGlobalSection
	GlobalSection(ExtensibilityGlobals) = postSolution
		SolutionGuid = {D7EC60D5-07B0-4169-92AE-8C845213E484}
	EndGlobalSection
EndGlobal
